# This file is automatically @generated by Cargo.
# It is not intended for manual editing.
version = 4

[[package]]
name = "auth-user-service"
version = "0.1.0"

[[package]]
name = "code-execution-service"
version = "0.1.0"

[[package]]
name = "crdt-sync-service"
version = "0.1.0"

[[package]]
name = "session-gateway-service"
version = "0.1.0"
